{
  "name": "wikilabs.github.io-server",
  "version": "0.0.3",
  "lockfileVersion": 1,
  "requires": true,
  "dependencies": {
    "@supercharge/goodies": {
      "version": "1.5.1",
      "resolved": "https://registry.npmjs.org/@supercharge/goodies/-/goodies-1.5.1.tgz",
      "integrity": "sha512-LrbIgboxJ9labELaN6JUcZEWAdKveohRI3u11ILb/rqrKbeXkN8/ezoLvWJ0oo9s/HeBf0REFTD3XpVEio053g=="
    },
    "@supercharge/promise-pool": {
      "version": "1.4.0",
      "resolved": "https://registry.npmjs.org/@supercharge/promise-pool/-/promise-pool-1.4.0.tgz",
      "integrity": "sha512-eCy+pAjB0GgoqkXxvgKlEJJFJKyj3frZhpBti5a4salfMWoC0H39BvGQDWg0Tz1oN4xvioNHKN7utXAbSXPf9w==",
      "requires": {
        "@supercharge/goodies": "~1.5.1"
      }
    },
    "child-process-promise": {
      "version": "2.2.1",
      "resolved": "https://registry.npmjs.org/child-process-promise/-/child-process-promise-2.2.1.tgz",
      "integrity": "sha1-RzChHvYQ+tRQuPIjx50x172tgHQ=",
      "requires": {
        "cross-spawn": "^4.0.2",
        "node-version": "^1.0.0",
        "promise-polyfill": "^6.0.1"
      }
    },
    "chunk": {
      "version": "0.0.3",
      "resolved": "https://registry.npmjs.org/chunk/-/chunk-0.0.3.tgz",
      "integrity": "sha512-oGfwvhjGRW3Ks4GTdGoJhZWKEO1eomjOC26001R+5H0TIlP7vBCO+/XcNcPCA6ayYC7RQSq1/NsN4679Odcm5A=="
    },
    "cross-spawn": {
      "version": "4.0.2",
      "resolved": "https://registry.npmjs.org/cross-spawn/-/cross-spawn-4.0.2.tgz",
      "integrity": "sha1-e5JHYhwjrf3ThWAEqCPL45dCTUE=",
      "requires": {
        "lru-cache": "^4.0.1",
        "which": "^1.2.9"
      }
    },
    "isexe": {
      "version": "2.0.0",
      "resolved": "https://registry.npmjs.org/isexe/-/isexe-2.0.0.tgz",
      "integrity": "sha1-6PvzdNxVb/iUehDcsFctYz8s+hA="
    },
    "lru-cache": {
      "version": "4.1.5",
      "resolved": "https://registry.npmjs.org/lru-cache/-/lru-cache-4.1.5.tgz",
      "integrity": "sha512-sWZlbEP2OsHNkXrMl5GYk/jKk70MBng6UU4YI/qGDYbgf6YbP4EvmqISbXCoJiRKs+1bSpFHVgQxvJ17F2li5g==",
      "requires": {
        "pseudomap": "^1.0.2",
        "yallist": "^2.1.2"
      }
    },
    "node-version": {
      "version": "1.2.0",
      "resolved": "https://registry.npmjs.org/node-version/-/node-version-1.2.0.tgz",
      "integrity": "sha512-ma6oU4Sk0qOoKEAymVoTvk8EdXEobdS7m/mAGhDJ8Rouugho48crHBORAmy5BoOcv8wraPM6xumapQp5hl4iIQ=="
    },
    "promise-polyfill": {
      "version": "6.1.0",
      "resolved": "https://registry.npmjs.org/promise-polyfill/-/promise-polyfill-6.1.0.tgz",
      "integrity": "sha1-36lpQ+qcEh/KTem1hoyznTRy4Fc="
    },
    "pseudomap": {
      "version": "1.0.2",
      "resolved": "https://registry.npmjs.org/pseudomap/-/pseudomap-1.0.2.tgz",
      "integrity": "sha1-8FKijacOYYkX7wqKw0wa5aaChrM="
    },
    "tiddlywiki": {
      "version": "5.1.19",
      "resolved": "https://registry.npmjs.org/tiddlywiki/-/tiddlywiki-5.1.19.tgz",
      "integrity": "sha512-G7JnwrQJ6d2ue49yaBl7WzmTOV/WH/mm4WgknChr6z8sSUVU+czPoYBXfwqHOuCbdZqWRPjiYfjkdm+eUiWodw==",
      "dev": true
    },
    "which": {
      "version": "1.3.1",
      "resolved": "https://registry.npmjs.org/which/-/which-1.3.1.tgz",
      "integrity": "sha512-HxJdYWq1MTIQbJ3nw0cqssHoTNU267KlrDuGZ1WYlxDStUtKUhOaJmh112/TZmHxxUfuJqPXSOm7tDyas0OSIQ==",
      "requires": {
        "isexe": "^2.0.0"
      }
    },
    "yallist": {
      "version": "2.1.2",
      "resolved": "https://registry.npmjs.org/yallist/-/yallist-2.1.2.tgz",
      "integrity": "sha1-HBH5IY8HYImkfdUS+TxmmaaoHVI="
    }
  }
}
